// !$*UTF8*$!
{
	archiveVersion = 1;
	classes = {
	};
	objectVersion = 46;
	objects = {

/* Begin PBXBuildFile section */
		822A4AAE1A0456DF00884B10 /* AppDelegate.swift in Sources */ = {isa = PBXBuildFile; fileRef = 822A4AAD1A0456DF00884B10 /* AppDelegate.swift */; };
		822A4AB01A0456DF00884B10 /* RootViewController.swift in Sources */ = {isa = PBXBuildFile; fileRef = 822A4AAF1A0456DF00884B10 /* RootViewController.swift */; };
		822A4AB31A0456DF00884B10 /* Main.storyboard in Resources */ = {isa = PBXBuildFile; fileRef = 822A4AB11A0456DF00884B10 /* Main.storyboard */; };
		822A4AB51A0456DF00884B10 /* Images.xcassets in Resources */ = {isa = PBXBuildFile; fileRef = 822A4AB41A0456DF00884B10 /* Images.xcassets */; };
		822A4AB81A0456DF00884B10 /* LaunchScreen.xib in Resources */ = {isa = PBXBuildFile; fileRef = 822A4AB61A0456DF00884B10 /* LaunchScreen.xib */; };
		822A4AC41A0456DF00884B10 /* VoicesTests.swift in Sources */ = {isa = PBXBuildFile; fileRef = 822A4AC31A0456DF00884B10 /* VoicesTests.swift */; };
/* End PBXBuildFile section */

/* Begin PBXContainerItemProxy section */
		822A4ABE1A0456DF00884B10 /* PBXContainerItemProxy */ = {
			isa = PBXContainerItemProxy;
			containerPortal = 822A4AA01A0456DF00884B10 /* Project object */;
			proxyType = 1;
			remoteGlobalIDString = 822A4AA71A0456DF00884B10;
			remoteInfo = Voices;
		};
/* End PBXContainerItemProxy section */

/* Begin PBXFileReference section */
		822A4AA81A0456DF00884B10 /* Voices.app */ = {isa = PBXFileReference; explicitFileType = wrapper.application; includeInIndex = 0; path = Voices.app; sourceTree = BUILT_PRODUCTS_DIR; };
		822A4AAC1A0456DF00884B10 /* Info.plist */ = {isa = PBXFileReference; lastKnownFileType = text.plist.xml; path = Info.plist; sourceTree = "<group>"; };
		822A4AAD1A0456DF00884B10 /* AppDelegate.swift */ = {isa = PBXFileReference; lastKnownFileType = sourcecode.swift; path = AppDelegate.swift; sourceTree = "<group>"; };
		822A4AAF1A0456DF00884B10 /* RootViewController.swift */ = {isa = PBXFileReference; lastKnownFileType = sourcecode.swift; path = RootViewController.swift; sourceTree = "<group>"; };
		822A4AB21A0456DF00884B10 /* Base */ = {isa = PBXFileReference; lastKnownFileType = file.storyboard; name = Base; path = Base.lproj/Main.storyboard; sourceTree = "<group>"; };
		822A4AB41A0456DF00884B10 /* Images.xcassets */ = {isa = PBXFileReference; lastKnownFileType = folder.assetcatalog; path = Images.xcassets; sourceTree = "<group>"; };
		822A4AB71A0456DF00884B10 /* Base */ = {isa = PBXFileReference; lastKnownFileType = file.xib; name = Base; path = Base.lproj/LaunchScreen.xib; sourceTree = "<group>"; };
		822A4ABD1A0456DF00884B10 /* VoicesTests.xctest */ = {isa = PBXFileReference; explicitFileType = wrapper.cfbundle; includeInIndex = 0; path = VoicesTests.xctest; sourceTree = BUILT_PRODUCTS_DIR; };
		822A4AC21A0456DF00884B10 /* Info.plist */ = {isa = PBXFileReference; lastKnownFileType = text.plist.xml; path = Info.plist; sourceTree = "<group>"; };
		822A4AC31A0456DF00884B10 /* VoicesTests.swift */ = {isa = PBXFileReference; lastKnownFileType = sourcecode.swift; path = VoicesTests.swift; sourceTree = "<group>"; };
/* End PBXFileReference section */

/* Begin PBXFrameworksBuildPhase section */
		822A4AA51A0456DF00884B10 /* Frameworks */ = {
			isa = PBXFrameworksBuildPhase;
			buildActionMask = 2147483647;
			files = (
			);
			runOnlyForDeploymentPostprocessing = 0;
		};
		822A4ABA1A0456DF00884B10 /* Frameworks */ = {
			isa = PBXFrameworksBuildPhase;
			buildActionMask = 2147483647;
			files = (
			);
			runOnlyForDeploymentPostprocessing = 0;
		};
/* End PBXFrameworksBuildPhase section */

/* Begin PBXGroup section */
		822A4A9F1A0456DF00884B10 = {
			isa = PBXGroup;
			children = (
				822A4AAA1A0456DF00884B10 /* Voices */,
				822A4AC01A0456DF00884B10 /* VoicesTests */,
				822A4AA91A0456DF00884B10 /* Products */,
			);
			sourceTree = "<group>";
		};
		822A4AA91A0456DF00884B10 /* Products */ = {
			isa = PBXGroup;
			children = (
				822A4AA81A0456DF00884B10 /* Voices.app */,
				822A4ABD1A0456DF00884B10 /* VoicesTests.xctest */,
			);
			name = Products;
			sourceTree = "<group>";
		};
		822A4AAA1A0456DF00884B10 /* Voices */ = {
			isa = PBXGroup;
			children = (
				822A4AAD1A0456DF00884B10 /* AppDelegate.swift */,
				822A4AAF1A0456DF00884B10 /* RootViewController.swift */,
				822A4AB11A0456DF00884B10 /* Main.storyboard */,
				822A4AB41A0456DF00884B10 /* Images.xcassets */,
				822A4AB61A0456DF00884B10 /* LaunchScreen.xib */,
				822A4AAB1A0456DF00884B10 /* Supporting Files */,
			);
			path = Voices;
			sourceTree = "<group>";
		};
		822A4AAB1A0456DF00884B10 /* Supporting Files */ = {
			isa = PBXGroup;
			children = (
				822A4AAC1A0456DF00884B10 /* Info.plist */,
			);
			name = "Supporting Files";
			sourceTree = "<group>";
		};
		822A4AC01A0456DF00884B10 /* VoicesTests */ = {
			isa = PBXGroup;
			children = (
				822A4AC31A0456DF00884B10 /* VoicesTests.swift */,
				822A4AC11A0456DF00884B10 /* Supporting Files */,
			);
			path = VoicesTests;
			sourceTree = "<group>";
		};
		822A4AC11A0456DF00884B10 /* Supporting Files */ = {
			isa = PBXGroup;
			children = (
				822A4AC21A0456DF00884B10 /* Info.plist */,
			);
			name = "Supporting Files";
			sourceTree = "<group>";
		};
/* End PBXGroup section */

/* Begin PBXNativeTarget section */
		822A4AA71A0456DF00884B10 /* Voices */ = {
			isa = PBXNativeTarget;
			buildConfigurationList = 822A4AC71A0456DF00884B10 /* Build configuration list for PBXNativeTarget "Voices" */;
			buildPhases = (
				822A4AA41A0456DF00884B10 /* Sources */,
				822A4AA51A0456DF00884B10 /* Frameworks */,
				822A4AA61A0456DF00884B10 /* Resources */,
			);
			buildRules = (
			);
			dependencies = (
			);
			name = Voices;
			productName = Voices;
			productReference = 822A4AA81A0456DF00884B10 /* Voices.app */;
			productType = "com.apple.product-type.application";
		};
		822A4ABC1A0456DF00884B10 /* VoicesTests */ = {
			isa = PBXNativeTarget;
			buildConfigurationList = 822A4ACA1A0456DF00884B10 /* Build configuration list for PBXNativeTarget "VoicesTests" */;
			buildPhases = (
				822A4AB91A0456DF00884B10 /* Sources */,
				822A4ABA1A0456DF00884B10 /* Frameworks */,
				822A4ABB1A0456DF00884B10 /* Resources */,
			);
			buildRules = (
			);
			dependencies = (
				822A4ABF1A0456DF00884B10 /* PBXTargetDependency */,
			);
			name = VoicesTests;
			productName = VoicesTests;
			productReference = 822A4ABD1A0456DF00884B10 /* VoicesTests.xctest */;
			productType = "com.apple.product-type.bundle.unit-test";
		};
/* End PBXNativeTarget section */

/* Begin PBXProject section */
		822A4AA01A0456DF00884B10 /* Project object */ = {
			isa = PBXProject;
			attributes = {
				LastUpgradeCheck = 0610;
				ORGANIZATIONNAME = Assembly;
				TargetAttributes = {
					822A4AA71A0456DF00884B10 = {
						CreatedOnToolsVersion = 6.1;
					};
					822A4ABC1A0456DF00884B10 = {
						CreatedOnToolsVersion = 6.1;
						TestTargetID = 822A4AA71A0456DF00884B10;
					};
				};
			};
			buildConfigurationList = 822A4AA31A0456DF00884B10 /* Build configuration list for PBXProject "Voices" */;
			compatibilityVersion = "Xcode 3.2";
			developmentRegion = English;
			hasScannedForEncodings = 0;
			knownRegions = (
				en,
				Base,
			);
			mainGroup = 822A4A9F1A0456DF00884B10;
			productRefGroup = 822A4AA91A0456DF00884B10 /* Products */;
			projectDirPath = "";
			projectRoot = "";
			targets = (
				822A4AA71A0456DF00884B10 /* Voices */,
				822A4ABC1A0456DF00884B10 /* VoicesTests */,
			);
		};
/* End PBXProject section */

/* Begin PBXResourcesBuildPhase section */
		822A4AA61A0456DF00884B10 /* Resources */ = {
			isa = PBXResourcesBuildPhase;
			buildActionMask = 2147483647;
			files = (
				822A4AB31A0456DF00884B10 /* Main.storyboard in Resources */,
				822A4AB81A0456DF00884B10 /* LaunchScreen.xib in Resources */,
				822A4AB51A0456DF00884B10 /* Images.xcassets in Resources */,
			);
			runOnlyForDeploymentPostprocessing = 0;
		};
		822A4ABB1A0456DF00884B10 /* Resources */ = {
			isa = PBXResourcesBuildPhase;
			buildActionMask = 2147483647;
			files = (
			);
			runOnlyForDeploymentPostprocessing = 0;
		};
/* End PBXResourcesBuildPhase section */

/* Begin PBXSourcesBuildPhase section */
		822A4AA41A0456DF00884B10 /* Sources */ = {
			isa = PBXSourcesBuildPhase;
			buildActionMask = 2147483647;
			files = (
				822A4AB01A0456DF00884B10 /* RootViewController.swift in Sources */,
				822A4AAE1A0456DF00884B10 /* AppDelegate.swift in Sources */,
			);
			runOnlyForDeploymentPostprocessing = 0;
		};
		822A4AB91A0456DF00884B10 /* Sources */ = {
			isa = PBXSourcesBuildPhase;
			buildActionMask = 2147483647;
			files = (
				822A4AC41A0456DF00884B10 /* VoicesTests.swift in Sources */,
			);
			runOnlyForDeploymentPostprocessing = 0;
		};
/* End PBXSourcesBuildPhase section */

/* Begin PBXTargetDependency section */
		822A4ABF1A0456DF00884B10 /* PBXTargetDependency */ = {
			isa = PBXTargetDependency;
			target = 822A4AA71A0456DF00884B10 /* Voices */;
			targetProxy = 822A4ABE1A0456DF00884B10 /* PBXContainerItemProxy */;
		};
/* End PBXTargetDependency section */

/* Begin PBXVariantGroup section */
		822A4AB11A0456DF00884B10 /* Main.storyboard */ = {
			isa = PBXVariantGroup;
			children = (
				822A4AB21A0456DF00884B10 /* Base */,
			);
			name = Main.storyboard;
			sourceTree = "<group>";
		};
		822A4AB61A0456DF00884B10 /* LaunchScreen.xib */ = {
			isa = PBXVariantGroup;
			children = (
				822A4AB71A0456DF00884B10 /* Base */,
			);
			name = LaunchScreen.xib;
			sourceTree = "<group>";
		};
/* End PBXVariantGroup section */

/* Begin XCBuildConfiguration section */
		822A4AC51A0456DF00884B10 /* Debug */ = {
			isa = XCBuildConfiguration;
			buildSettings = {
				ALWAYS_SEARCH_USER_PATHS = NO;
				CLANG_CXX_LANGUAGE_STANDARD = "gnu++0x";
				CLANG_CXX_LIBRARY = "libc++";
				CLANG_ENABLE_MODULES = YES;
				CLANG_ENABLE_OBJC_ARC = YES;
				CLANG_WARN_BOOL_CONVERSION = YES;
				CLANG_WARN_CONSTANT_CONVERSION = YES;
				CLANG_WARN_DIRECT_OBJC_ISA_USAGE = YES_ERROR;
				CLANG_WARN_EMPTY_BODY = YES;
				CLANG_WARN_ENUM_CONVERSION = YES;
				CLANG_WARN_INT_CONVERSION = YES;
				CLANG_WARN_OBJC_ROOT_CLASS = YES_ERROR;
				CLANG_WARN_UNREACHABLE_CODE = YES;
				CLANG_WARN__DUPLICATE_METHOD_MATCH = YES;
				"CODE_SIGN_IDENTITY[sdk=iphoneos*]" = "iPhone Developer";
				COPY_PHASE_STRIP = NO;
				ENABLE_STRICT_OBJC_MSGSEND = YES;
				GCC_C_LANGUAGE_STANDARD = gnu99;
				GCC_DYNAMIC_NO_PIC = NO;
				GCC_OPTIMIZATION_LEVEL = 0;
				GCC_PREPROCESSOR_DEFINITIONS = (
					"DEBUG=1",
					"$(inherited)",
				);
				GCC_SYMBOLS_PRIVATE_EXTERN = NO;
				GCC_WARN_64_TO_32_BIT_CONVERSION = YES;
				GCC_WARN_ABOUT_RETURN_TYPE = YES_ERROR;
				GCC_WARN_UNDECLARED_SELECTOR = YES;
				GCC_WARN_UNINITIALIZED_AUTOS = YES_AGGRESSIVE;
				GCC_WARN_UNUSED_FUNCTION = YES;
				GCC_WARN_UNUSED_VARIABLE = YES;
				IPHONEOS_DEPLOYMENT_TARGET = 8.0;
				MTL_ENABLE_DEBUG_INFO = YES;
				ONLY_ACTIVE_ARCH = YES;
				SDKROOT = iphoneos;
				SWIFT_OPTIMIZATION_LEVEL = "-Onone";
				TARGETED_DEVICE_FAMILY = "1,2";
			};
			name = Debug;
		};
		822A4AC61A0456DF00884B10 /* Release */ = {
			isa = XCBuildConfiguration;
			buildSettings = {
				ALWAYS_SEARCH_USER_PATHS = NO;
				CLANG_CXX_LANGUAGE_STANDARD = "gnu++0x";
				CLANG_CXX_LIBRARY = "libc++";
				CLANG_ENABLE_MODULES = YES;
				CLANG_ENABLE_OBJC_ARC = YES;
				CLANG_WARN_BOOL_CONVERSION = YES;
				CLANG_WARN_CONSTANT_CONVERSION = YES;
				CLANG_WARN_DIRECT_OBJC_ISA_USAGE = YES_ERROR;
				CLANG_WARN_EMPTY_BODY = YES;
				CLANG_WARN_ENUM_CONVERSION = YES;
				CLANG_WARN_INT_CONVERSION = YES;
				CLANG_WARN_OBJC_ROOT_CLASS = YES_ERROR;
				CLANG_WARN_UNREACHABLE_CODE = YES;
				CLANG_WARN__DUPLICATE_METHOD_MATCH = YES;
				"CODE_SIGN_IDENTITY[sdk=iphoneos*]" = "iPhone Developer";
				COPY_PHASE_STRIP = YES;
				ENABLE_NS_ASSERTIONS = NO;
				ENABLE_STRICT_OBJC_MSGSEND = YES;
				GCC_C_LANGUAGE_STANDARD = gnu99;
				GCC_WARN_64_TO_32_BIT_CONVERSION = YES;
				GCC_WARN_ABOUT_RETURN_TYPE = YES_ERROR;
				GCC_WARN_UNDECLARED_SELECTOR = YES;
				GCC_WARN_UNINITIALIZED_AUTOS = YES_AGGRESSIVE;
				GCC_WARN_UNUSED_FUNCTION = YES;
				GCC_WARN_UNUSED_VARIABLE = YES;
				IPHONEOS_DEPLOYMENT_TARGET = 8.0;
				MTL_ENABLE_DEBUG_INFO = NO;
				SDKROOT = iphoneos;
				TARGETED_DEVICE_FAMILY = "1,2";
				VALIDATE_PRODUCT = YES;
			};
			name = Release;
		};
		822A4AC81A0456DF00884B10 /* Debug */ = {
			isa = XCBuildConfiguration;
			buildSettings = {
				ASSETCATALOG_COMPILER_APPICON_NAME = AppIcon;
				INFOPLIST_FILE = Voices/Info.plist;
				LD_RUNPATH_SEARCH_PATHS = "$(inherited) @executable_path/Frameworks";
				PRODUCT_NAME = "$(TARGET_NAME)";
			};
			name = Debug;
		};
		822A4AC91A0456DF00884B10 /* Release */ = {
			isa = XCBuildConfiguration;
			buildSettings = {
				ASSETCATALOG_COMPILER_APPICON_NAME = AppIcon;
				INFOPLIST_FILE = Voices/Info.plist;
				LD_RUNPATH_SEARCH_PATHS = "$(inherited) @executable_path/Frameworks";
				PRODUCT_NAME = "$(TARGET_NAME)";
			};
			name = Release;
		};
		822A4ACB1A0456DF00884B10 /* Debug */ = {
			isa = XCBuildConfiguration;
			buildSettings = {
				BUNDLE_LOADER = "$(TEST_HOST)";
				FRAMEWORK_SEARCH_PATHS = (
					"$(SDKROOT)/Developer/Library/Frameworks",
					"$(inherited)",
				);
				GCC_PREPROCESSOR_DEFINITIONS = (
					"DEBUG=1",
					"$(inherited)",
				);
				INFOPLIST_FILE = VoicesTests/Info.plist;
				LD_RUNPATH_SEARCH_PATHS = "$(inherited) @executable_path/Frameworks @loader_path/Frameworks";
				PRODUCT_NAME = "$(TARGET_NAME)";
				TEST_HOST = "$(BUILT_PRODUCTS_DIR)/Voices.app/Voices";
			};
			name = Debug;
		};
		822A4ACC1A0456DF00884B10 /* Release */ = {
			isa = XCBuildConfiguration;
			buildSettings = {
				BUNDLE_LOADER = "$(TEST_HOST)";
				FRAMEWORK_SEARCH_PATHS = (
					"$(SDKROOT)/Developer/Library/Frameworks",
					"$(inherited)",
				);
				INFOPLIST_FILE = VoicesTests/Info.plist;
				LD_RUNPATH_SEARCH_PATHS = "$(inherited) @executable_path/Frameworks @loader_path/Frameworks";
				PRODUCT_NAME = "$(TARGET_NAME)";
				TEST_HOST = "$(BUILT_PRODUCTS_DIR)/Voices.app/Voices";
			};
			name = Release;
		};
/* End XCBuildConfiguration section */

/* Begin XCConfigurationList section */
		822A4AA31A0456DF00884B10 /* Build configuration list for PBXProject "Voices" */ = {
			isa = XCConfigurationList;
			buildConfigurations = (
				822A4AC51A0456DF00884B10 /* Debug */,
				822A4AC61A0456DF00884B10 /* Release */,
			);
			defaultConfigurationIsVisible = 0;
			defaultConfigurationName = Release;
		};
		822A4AC71A0456DF00884B10 /* Build configuration list for PBXNativeTarget "Voices" */ = {
			isa = XCConfigurationList;
			buildConfigurations = (
				822A4AC81A0456DF00884B10 /* Debug */,
				822A4AC91A0456DF00884B10 /* Release */,
			);
			defaultConfigurationIsVisible = 0;
			defaultConfigurationName = Release;
		};
		822A4ACA1A0456DF00884B10 /* Build configuration list for PBXNativeTarget "VoicesTests" */ = {
			isa = XCConfigurationList;
			buildConfigurations = (
				822A4ACB1A0456DF00884B10 /* Debug */,
				822A4ACC1A0456DF00884B10 /* Release */,
			);
			defaultConfigurationIsVisible = 0;
			defaultConfigurationName = Release;
		};
/* End XCConfigurationList section */
	};
	rootObject = 822A4AA01A0456DF00884B10 /* Project object */;
}
